
Microsoft Visual Studio Solution File, Format Version 12.00
# Visual Studio Version 18
VisualStudioVersion = 18.3.11426.168 d18.3
MinimumVisualStudioVersion = 10.0.40219.1
Project("{FAE04EC0-301F-11D3-BF4B-00C04F79EFBC}") = "xFood.Domain", "xFood.Domain\xFood.Domain.csproj", "{C34B9FF6-EC2B-4625-8B6D-E76EFA21071C}"
EndProject
Project("{FAE04EC0-301F-11D3-BF4B-00C04F79EFBC}") = "xFood.Web", "xFood.Web\xFood.Web.csproj", "{6C70C6AC-6181-4BC5-AEFE-DD50FBD5F906}"
EndProject
Project("{FAE04EC0-301F-11D3-BF4B-00C04F79EFBC}") = "xFood.Application", "xFood.Application\xFood.Application.csproj", "{6524DF3B-E8D3-4CC0-9AB1-5B0CD25D6A08}"
EndProject
Project("{FAE04EC0-301F-11D3-BF4B-00C04F79EFBC}") = "xFood.Infrastructure", "xFood.Infrastructure\xFood.Infrastructure.csproj", "{FB40E3ED-1D20-4333-B0D7-8B675F1592FC}"
EndProject
Project("{2150E333-8FDC-42A3-9474-1A3956D46DE8}") = "docs", "docs", "{02EA681E-C7D8-13C7-8484-4AC65E1B71E8}"
EndProject
Project("{2150E333-8FDC-42A3-9474-1A3956D46DE8}") = "Itens de Solução", "Itens de Solução", "{3B116A9F-8805-42D8-A65B-93BD50C12D07}"
	ProjectSection(SolutionItems) = preProject
		Dockerfile = Dockerfile
	EndProjectSection
EndProject
Global
	GlobalSection(SolutionConfigurationPlatforms) = preSolution
		Debug|Any CPU = Debug|Any CPU
		Debug|x64 = Debug|x64
		Debug|x86 = Debug|x86
		Release|Any CPU = Release|Any CPU
		Release|x64 = Release|x64
		Release|x86 = Release|x86
	EndGlobalSection
	GlobalSection(ProjectConfigurationPlatforms) = postSolution
		{C34B9FF6-EC2B-4625-8B6D-E76EFA21071C}.Debug|Any CPU.ActiveCfg = Debug|Any CPU
		{C34B9FF6-EC2B-4625-8B6D-E76EFA21071C}.Debug|Any CPU.Build.0 = Debug|Any CPU
		{C34B9FF6-EC2B-4625-8B6D-E76EFA21071C}.Debug|x64.ActiveCfg = Debug|Any CPU
		{C34B9FF6-EC2B-4625-8B6D-E76EFA21071C}.Debug|x64.Build.0 = Debug|Any CPU
		{C34B9FF6-EC2B-4625-8B6D-E76EFA21071C}.Debug|x86.ActiveCfg = Debug|Any CPU
		{C34B9FF6-EC2B-4625-8B6D-E76EFA21071C}.Debug|x86.Build.0 = Debug|Any CPU
		{C34B9FF6-EC2B-4625-8B6D-E76EFA21071C}.Release|Any CPU.ActiveCfg = Release|Any CPU
		{C34B9FF6-EC2B-4625-8B6D-E76EFA21071C}.Release|Any CPU.Build.0 = Release|Any CPU
		{C34B9FF6-EC2B-4625-8B6D-E76EFA21071C}.Release|x64.ActiveCfg = Release|Any CPU
		{C34B9FF6-EC2B-4625-8B6D-E76EFA21071C}.Release|x64.Build.0 = Release|Any CPU
		{C34B9FF6-EC2B-4625-8B6D-E76EFA21071C}.Release|x86.ActiveCfg = Release|Any CPU
		{C34B9FF6-EC2B-4625-8B6D-E76EFA21071C}.Release|x86.Build.0 = Release|Any CPU
		{6C70C6AC-6181-4BC5-AEFE-DD50FBD5F906}.Debug|Any CPU.ActiveCfg = Debug|Any CPU
		{6C70C6AC-6181-4BC5-AEFE-DD50FBD5F906}.Debug|Any CPU.Build.0 = Debug|Any CPU
		{6C70C6AC-6181-4BC5-AEFE-DD50FBD5F906}.Debug|x64.ActiveCfg = Debug|Any CPU
		{6C70C6AC-6181-4BC5-AEFE-DD50FBD5F906}.Debug|x64.Build.0 = Debug|Any CPU
		{6C70C6AC-6181-4BC5-AEFE-DD50FBD5F906}.Debug|x86.ActiveCfg = Debug|Any CPU
		{6C70C6AC-6181-4BC5-AEFE-DD50FBD5F906}.Debug|x86.Build.0 = Debug|Any CPU
		{6C70C6AC-6181-4BC5-AEFE-DD50FBD5F906}.Release|Any CPU.ActiveCfg = Release|Any CPU
		{6C70C6AC-6181-4BC5-AEFE-DD50FBD5F906}.Release|Any CPU.Build.0 = Release|Any CPU
		{6C70C6AC-6181-4BC5-AEFE-DD50FBD5F906}.Release|x64.ActiveCfg = Release|Any CPU
		{6C70C6AC-6181-4BC5-AEFE-DD50FBD5F906}.Release|x64.Build.0 = Release|Any CPU
		{6C70C6AC-6181-4BC5-AEFE-DD50FBD5F906}.Release|x86.ActiveCfg = Release|Any CPU
		{6C70C6AC-6181-4BC5-AEFE-DD50FBD5F906}.Release|x86.Build.0 = Release|Any CPU
		{6524DF3B-E8D3-4CC0-9AB1-5B0CD25D6A08}.Debug|Any CPU.ActiveCfg = Debug|Any CPU
		{6524DF3B-E8D3-4CC0-9AB1-5B0CD25D6A08}.Debug|Any CPU.Build.0 = Debug|Any CPU
		{6524DF3B-E8D3-4CC0-9AB1-5B0CD25D6A08}.Debug|x64.ActiveCfg = Debug|Any CPU
		{6524DF3B-E8D3-4CC0-9AB1-5B0CD25D6A08}.Debug|x64.Build.0 = Debug|Any CPU
		{6524DF3B-E8D3-4CC0-9AB1-5B0CD25D6A08}.Debug|x86.ActiveCfg = Debug|Any CPU
		{6524DF3B-E8D3-4CC0-9AB1-5B0CD25D6A08}.Debug|x86.Build.0 = Debug|Any CPU
		{6524DF3B-E8D3-4CC0-9AB1-5B0CD25D6A08}.Release|Any CPU.ActiveCfg = Release|Any CPU
		{6524DF3B-E8D3-4CC0-9AB1-5B0CD25D6A08}.Release|Any CPU.Build.0 = Release|Any CPU
		{6524DF3B-E8D3-4CC0-9AB1-5B0CD25D6A08}.Release|x64.ActiveCfg = Release|Any CPU
		{6524DF3B-E8D3-4CC0-9AB1-5B0CD25D6A08}.Release|x64.Build.0 = Release|Any CPU
		{6524DF3B-E8D3-4CC0-9AB1-5B0CD25D6A08}.Release|x86.ActiveCfg = Release|Any CPU
		{6524DF3B-E8D3-4CC0-9AB1-5B0CD25D6A08}.Release|x86.Build.0 = Release|Any CPU
		{FB40E3ED-1D20-4333-B0D7-8B675F1592FC}.Debug|Any CPU.ActiveCfg = Debug|Any CPU
		{FB40E3ED-1D20-4333-B0D7-8B675F1592FC}.Debug|Any CPU.Build.0 = Debug|Any CPU
		{FB40E3ED-1D20-4333-B0D7-8B675F1592FC}.Debug|x64.ActiveCfg = Debug|Any CPU
		{FB40E3ED-1D20-4333-B0D7-8B675F1592FC}.Debug|x64.Build.0 = Debug|Any CPU
		{FB40E3ED-1D20-4333-B0D7-8B675F1592FC}.Debug|x86.ActiveCfg = Debug|Any CPU
		{FB40E3ED-1D20-4333-B0D7-8B675F1592FC}.Debug|x86.Build.0 = Debug|Any CPU
		{FB40E3ED-1D20-4333-B0D7-8B675F1592FC}.Release|Any CPU.ActiveCfg = Release|Any CPU
		{FB40E3ED-1D20-4333-B0D7-8B675F1592FC}.Release|Any CPU.Build.0 = Release|Any CPU
		{FB40E3ED-1D20-4333-B0D7-8B675F1592FC}.Release|x64.ActiveCfg = Release|Any CPU
		{FB40E3ED-1D20-4333-B0D7-8B675F1592FC}.Release|x64.Build.0 = Release|Any CPU
		{FB40E3ED-1D20-4333-B0D7-8B675F1592FC}.Release|x86.ActiveCfg = Release|Any CPU
		{FB40E3ED-1D20-4333-B0D7-8B675F1592FC}.Release|x86.Build.0 = Release|Any CPU
	EndGlobalSection
	GlobalSection(SolutionProperties) = preSolution
		HideSolutionNode = FALSE
	EndGlobalSection
	GlobalSection(ExtensibilityGlobals) = postSolution
		SolutionGuid = {0C9B9AB5-1E66-4638-A44B-9084226262A3}
	EndGlobalSection
EndGlobal
